
Microsoft Visual Studio Solution File, Format Version 12.00
# Visual Studio 15
VisualStudioVersion = 15.0.26124.0
MinimumVisualStudioVersion = 15.0.26124.0
Project("{FAE04EC0-301F-11D3-BF4B-00C04F79EFBC}") = "Hotel.Data", "Hotel.Data\Hotel.Data.csproj", "{C97739C8-8849-4579-A942-0A6252768988}"
EndProject
Project("{FAE04EC0-301F-11D3-BF4B-00C04F79EFBC}") = "Hotel.Entities", "Hotel.Entities\Hotel.Entities.csproj", "{EFD1DDCC-E419-47F6-BA1A-750572750A66}"
EndProject
Project("{FAE04EC0-301F-11D3-BF4B-00C04F79EFBC}") = "Hotel.Services", "Hotel.Services\Hotel.Services.csproj", "{165DB682-646E-4387-80D5-97CD74ECF400}"
EndProject
Project("{FAE04EC0-301F-11D3-BF4B-00C04F79EFBC}") = "Hotel.Services.Tests", "Hotel.Services.Tests\Hotel.Services.Tests.csproj", "{42A6C994-9ECE-478F-9651-84E0FF4860B2}"
EndProject
Project("{FAE04EC0-301F-11D3-BF4B-00C04F79EFBC}") = "Hotel.UnitOfWork", "Hotel.UnitOfWork\Hotel.UnitOfWork.csproj", "{5EEC4F60-9FD2-4A80-A163-D0D312E2A78D}"
EndProject
Project("{FAE04EC0-301F-11D3-BF4B-00C04F79EFBC}") = "Hotel.WebApi", "Hotel.WebApi\Hotel.WebApi.csproj", "{EDBBA3F9-359A-4773-B1F5-3F8E59176A8A}"
EndProject
Global
	GlobalSection(SolutionConfigurationPlatforms) = preSolution
		Debug|Any CPU = Debug|Any CPU
		Debug|x64 = Debug|x64
		Debug|x86 = Debug|x86
		Release|Any CPU = Release|Any CPU
		Release|x64 = Release|x64
		Release|x86 = Release|x86
	EndGlobalSection
	GlobalSection(SolutionProperties) = preSolution
		HideSolutionNode = FALSE
	EndGlobalSection
	GlobalSection(ProjectConfigurationPlatforms) = postSolution
		{C97739C8-8849-4579-A942-0A6252768988}.Debug|Any CPU.ActiveCfg = Debug|Any CPU
		{C97739C8-8849-4579-A942-0A6252768988}.Debug|Any CPU.Build.0 = Debug|Any CPU
		{C97739C8-8849-4579-A942-0A6252768988}.Debug|x64.ActiveCfg = Debug|Any CPU
		{C97739C8-8849-4579-A942-0A6252768988}.Debug|x64.Build.0 = Debug|Any CPU
		{C97739C8-8849-4579-A942-0A6252768988}.Debug|x86.ActiveCfg = Debug|Any CPU
		{C97739C8-8849-4579-A942-0A6252768988}.Debug|x86.Build.0 = Debug|Any CPU
		{C97739C8-8849-4579-A942-0A6252768988}.Release|Any CPU.ActiveCfg = Release|Any CPU
		{C97739C8-8849-4579-A942-0A6252768988}.Release|Any CPU.Build.0 = Release|Any CPU
		{C97739C8-8849-4579-A942-0A6252768988}.Release|x64.ActiveCfg = Release|Any CPU
		{C97739C8-8849-4579-A942-0A6252768988}.Release|x64.Build.0 = Release|Any CPU
		{C97739C8-8849-4579-A942-0A6252768988}.Release|x86.ActiveCfg = Release|Any CPU
		{C97739C8-8849-4579-A942-0A6252768988}.Release|x86.Build.0 = Release|Any CPU
		{EFD1DDCC-E419-47F6-BA1A-750572750A66}.Debug|Any CPU.ActiveCfg = Debug|Any CPU
		{EFD1DDCC-E419-47F6-BA1A-750572750A66}.Debug|Any CPU.Build.0 = Debug|Any CPU
		{EFD1DDCC-E419-47F6-BA1A-750572750A66}.Debug|x64.ActiveCfg = Debug|Any CPU
		{EFD1DDCC-E419-47F6-BA1A-750572750A66}.Debug|x64.Build.0 = Debug|Any CPU
		{EFD1DDCC-E419-47F6-BA1A-750572750A66}.Debug|x86.ActiveCfg = Debug|Any CPU
		{EFD1DDCC-E419-47F6-BA1A-750572750A66}.Debug|x86.Build.0 = Debug|Any CPU
		{EFD1DDCC-E419-47F6-BA1A-750572750A66}.Release|Any CPU.ActiveCfg = Release|Any CPU
		{EFD1DDCC-E419-47F6-BA1A-750572750A66}.Release|Any CPU.Build.0 = Release|Any CPU
		{EFD1DDCC-E419-47F6-BA1A-750572750A66}.Release|x64.ActiveCfg = Release|Any CPU
		{EFD1DDCC-E419-47F6-BA1A-750572750A66}.Release|x64.Build.0 = Release|Any CPU
		{EFD1DDCC-E419-47F6-BA1A-750572750A66}.Release|x86.ActiveCfg = Release|Any CPU
		{EFD1DDCC-E419-47F6-BA1A-750572750A66}.Release|x86.Build.0 = Release|Any CPU
		{165DB682-646E-4387-80D5-97CD74ECF400}.Debug|Any CPU.ActiveCfg = Debug|Any CPU
		{165DB682-646E-4387-80D5-97CD74ECF400}.Debug|Any CPU.Build.0 = Debug|Any CPU
		{165DB682-646E-4387-80D5-97CD74ECF400}.Debug|x64.ActiveCfg = Debug|Any CPU
		{165DB682-646E-4387-80D5-97CD74ECF400}.Debug|x64.Build.0 = Debug|Any CPU
		{165DB682-646E-4387-80D5-97CD74ECF400}.Debug|x86.ActiveCfg = Debug|Any CPU
		{165DB682-646E-4387-80D5-97CD74ECF400}.Debug|x86.Build.0 = Debug|Any CPU
		{165DB682-646E-4387-80D5-97CD74ECF400}.Release|Any CPU.ActiveCfg = Release|Any CPU
		{165DB682-646E-4387-80D5-97CD74ECF400}.Release|Any CPU.Build.0 = Release|Any CPU
		{165DB682-646E-4387-80D5-97CD74ECF400}.Release|x64.ActiveCfg = Release|Any CPU
		{165DB682-646E-4387-80D5-97CD74ECF400}.Release|x64.Build.0 = Release|Any CPU
		{165DB682-646E-4387-80D5-97CD74ECF400}.Release|x86.ActiveCfg = Release|Any CPU
		{165DB682-646E-4387-80D5-97CD74ECF400}.Release|x86.Build.0 = Release|Any CPU
		{42A6C994-9ECE-478F-9651-84E0FF4860B2}.Debug|Any CPU.ActiveCfg = Debug|Any CPU
		{42A6C994-9ECE-478F-9651-84E0FF4860B2}.Debug|Any CPU.Build.0 = Debug|Any CPU
		{42A6C994-9ECE-478F-9651-84E0FF4860B2}.Debug|x64.ActiveCfg = Debug|Any CPU
		{42A6C994-9ECE-478F-9651-84E0FF4860B2}.Debug|x64.Build.0 = Debug|Any CPU
		{42A6C994-9ECE-478F-9651-84E0FF4860B2}.Debug|x86.ActiveCfg = Debug|Any CPU
		{42A6C994-9ECE-478F-9651-84E0FF4860B2}.Debug|x86.Build.0 = Debug|Any CPU
		{42A6C994-9ECE-478F-9651-84E0FF4860B2}.Release|Any CPU.ActiveCfg = Release|Any CPU
		{42A6C994-9ECE-478F-9651-84E0FF4860B2}.Release|Any CPU.Build.0 = Release|Any CPU
		{42A6C994-9ECE-478F-9651-84E0FF4860B2}.Release|x64.ActiveCfg = Release|Any CPU
		{42A6C994-9ECE-478F-9651-84E0FF4860B2}.Release|x64.Build.0 = Release|Any CPU
		{42A6C994-9ECE-478F-9651-84E0FF4860B2}.Release|x86.ActiveCfg = Release|Any CPU
		{42A6C994-9ECE-478F-9651-84E0FF4860B2}.Release|x86.Build.0 = Release|Any CPU
		{5EEC4F60-9FD2-4A80-A163-D0D312E2A78D}.Debug|Any CPU.ActiveCfg = Debug|Any CPU
		{5EEC4F60-9FD2-4A80-A163-D0D312E2A78D}.Debug|Any CPU.Build.0 = Debug|Any CPU
		{5EEC4F60-9FD2-4A80-A163-D0D312E2A78D}.Debug|x64.ActiveCfg = Debug|Any CPU
		{5EEC4F60-9FD2-4A80-A163-D0D312E2A78D}.Debug|x64.Build.0 = Debug|Any CPU
		{5EEC4F60-9FD2-4A80-A163-D0D312E2A78D}.Debug|x86.ActiveCfg = Debug|Any CPU
		{5EEC4F60-9FD2-4A80-A163-D0D312E2A78D}.Debug|x86.Build.0 = Debug|Any CPU
		{5EEC4F60-9FD2-4A80-A163-D0D312E2A78D}.Release|Any CPU.ActiveCfg = Release|Any CPU
		{5EEC4F60-9FD2-4A80-A163-D0D312E2A78D}.Release|Any CPU.Build.0 = Release|Any CPU
		{5EEC4F60-9FD2-4A80-A163-D0D312E2A78D}.Release|x64.ActiveCfg = Release|Any CPU
		{5EEC4F60-9FD2-4A80-A163-D0D312E2A78D}.Release|x64.Build.0 = Release|Any CPU
		{5EEC4F60-9FD2-4A80-A163-D0D312E2A78D}.Release|x86.ActiveCfg = Release|Any CPU
		{5EEC4F60-9FD2-4A80-A163-D0D312E2A78D}.Release|x86.Build.0 = Release|Any CPU
		{EDBBA3F9-359A-4773-B1F5-3F8E59176A8A}.Debug|Any CPU.ActiveCfg = Debug|Any CPU
		{EDBBA3F9-359A-4773-B1F5-3F8E59176A8A}.Debug|Any CPU.Build.0 = Debug|Any CPU
		{EDBBA3F9-359A-4773-B1F5-3F8E59176A8A}.Debug|x64.ActiveCfg = Debug|Any CPU
		{EDBBA3F9-359A-4773-B1F5-3F8E59176A8A}.Debug|x64.Build.0 = Debug|Any CPU
		{EDBBA3F9-359A-4773-B1F5-3F8E59176A8A}.Debug|x86.ActiveCfg = Debug|Any CPU
		{EDBBA3F9-359A-4773-B1F5-3F8E59176A8A}.Debug|x86.Build.0 = Debug|Any CPU
		{EDBBA3F9-359A-4773-B1F5-3F8E59176A8A}.Release|Any CPU.ActiveCfg = Release|Any CPU
		{EDBBA3F9-359A-4773-B1F5-3F8E59176A8A}.Release|Any CPU.Build.0 = Release|Any CPU
		{EDBBA3F9-359A-4773-B1F5-3F8E59176A8A}.Release|x64.ActiveCfg = Release|Any CPU
		{EDBBA3F9-359A-4773-B1F5-3F8E59176A8A}.Release|x64.Build.0 = Release|Any CPU
		{EDBBA3F9-359A-4773-B1F5-3F8E59176A8A}.Release|x86.ActiveCfg = Release|Any CPU
		{EDBBA3F9-359A-4773-B1F5-3F8E59176A8A}.Release|x86.Build.0 = Release|Any CPU
	EndGlobalSection
EndGlobal
